
Microsoft Visual Studio Solution File, Format Version 12.00
# Visual Studio Version 16
VisualStudioVersion = 16.0.30711.63
MinimumVisualStudioVersion = 10.0.40219.1
Project("{FAE04EC0-301F-11D3-BF4B-00C04F79EFBC}") = "ConsultarCepApp.UWP", "ConsultarCepApp\ConsultarCepApp.UWP\ConsultarCepApp.UWP.csproj", "{8BF49F26-9E0B-481D-ABF8-0A5D82FFC48E}"
EndProject
Project("{FAE04EC0-301F-11D3-BF4B-00C04F79EFBC}") = "ConsultarCepApp.Android", "ConsultarCepApp\ConsultarCepApp.Android\ConsultarCepApp.Android.csproj", "{A3B4994E-6DE0-49AD-AD91-FD7EAFB68E51}"
EndProject
Project("{FAE04EC0-301F-11D3-BF4B-00C04F79EFBC}") = "ConsultarCepApp.iOS", "ConsultarCepApp\ConsultarCepApp.iOS\ConsultarCepApp.iOS.csproj", "{E22D94A6-DEC2-469B-8CA0-A6B1560777FD}"
EndProject
Project("{FAE04EC0-301F-11D3-BF4B-00C04F79EFBC}") = "ConsultarCepApp", "ConsultarCepApp\ConsultarCepApp\ConsultarCepApp.csproj", "{EC4F9175-76A5-461A-AA4B-D8F77447B60A}"
EndProject
Global
	GlobalSection(SolutionConfigurationPlatforms) = preSolution
		Debug|Any CPU = Debug|Any CPU
		Debug|ARM = Debug|ARM
		Debug|iPhone = Debug|iPhone
		Debug|iPhoneSimulator = Debug|iPhoneSimulator
		Debug|x64 = Debug|x64
		Debug|x86 = Debug|x86
		Release|Any CPU = Release|Any CPU
		Release|ARM = Release|ARM
		Release|iPhone = Release|iPhone
		Release|iPhoneSimulator = Release|iPhoneSimulator
		Release|x64 = Release|x64
		Release|x86 = Release|x86
	EndGlobalSection
	GlobalSection(ProjectConfigurationPlatforms) = postSolution
		{8BF49F26-9E0B-481D-ABF8-0A5D82FFC48E}.Debug|Any CPU.ActiveCfg = Debug|x86
		{8BF49F26-9E0B-481D-ABF8-0A5D82FFC48E}.Debug|Any CPU.Build.0 = Debug|x86
		{8BF49F26-9E0B-481D-ABF8-0A5D82FFC48E}.Debug|Any CPU.Deploy.0 = Debug|x86
		{8BF49F26-9E0B-481D-ABF8-0A5D82FFC48E}.Debug|ARM.ActiveCfg = Debug|ARM
		{8BF49F26-9E0B-481D-ABF8-0A5D82FFC48E}.Debug|ARM.Build.0 = Debug|ARM
		{8BF49F26-9E0B-481D-ABF8-0A5D82FFC48E}.Debug|ARM.Deploy.0 = Debug|ARM
		{8BF49F26-9E0B-481D-ABF8-0A5D82FFC48E}.Debug|iPhone.ActiveCfg = Debug|x86
		{8BF49F26-9E0B-481D-ABF8-0A5D82FFC48E}.Debug|iPhone.Build.0 = Debug|x86
		{8BF49F26-9E0B-481D-ABF8-0A5D82FFC48E}.Debug|iPhone.Deploy.0 = Debug|x86
		{8BF49F26-9E0B-481D-ABF8-0A5D82FFC48E}.Debug|iPhoneSimulator.ActiveCfg = Debug|x86
		{8BF49F26-9E0B-481D-ABF8-0A5D82FFC48E}.Debug|iPhoneSimulator.Build.0 = Debug|x86
		{8BF49F26-9E0B-481D-ABF8-0A5D82FFC48E}.Debug|iPhoneSimulator.Deploy.0 = Debug|x86
		{8BF49F26-9E0B-481D-ABF8-0A5D82FFC48E}.Debug|x64.ActiveCfg = Debug|x64
		{8BF49F26-9E0B-481D-ABF8-0A5D82FFC48E}.Debug|x64.Build.0 = Debug|x64
		{8BF49F26-9E0B-481D-ABF8-0A5D82FFC48E}.Debug|x64.Deploy.0 = Debug|x64
		{8BF49F26-9E0B-481D-ABF8-0A5D82FFC48E}.Debug|x86.ActiveCfg = Debug|x86
		{8BF49F26-9E0B-481D-ABF8-0A5D82FFC48E}.Debug|x86.Build.0 = Debug|x86
		{8BF49F26-9E0B-481D-ABF8-0A5D82FFC48E}.Debug|x86.Deploy.0 = Debug|x86
		{8BF49F26-9E0B-481D-ABF8-0A5D82FFC48E}.Release|Any CPU.ActiveCfg = Release|x86
		{8BF49F26-9E0B-481D-ABF8-0A5D82FFC48E}.Release|Any CPU.Build.0 = Release|x86
		{8BF49F26-9E0B-481D-ABF8-0A5D82FFC48E}.Release|Any CPU.Deploy.0 = Release|x86
		{8BF49F26-9E0B-481D-ABF8-0A5D82FFC48E}.Release|ARM.ActiveCfg = Release|ARM
		{8BF49F26-9E0B-481D-ABF8-0A5D82FFC48E}.Release|ARM.Build.0 = Release|ARM
		{8BF49F26-9E0B-481D-ABF8-0A5D82FFC48E}.Release|ARM.Deploy.0 = Release|ARM
		{8BF49F26-9E0B-481D-ABF8-0A5D82FFC48E}.Release|iPhone.ActiveCfg = Release|x86
		{8BF49F26-9E0B-481D-ABF8-0A5D82FFC48E}.Release|iPhone.Build.0 = Release|x86
		{8BF49F26-9E0B-481D-ABF8-0A5D82FFC48E}.Release|iPhone.Deploy.0 = Release|x86
		{8BF49F26-9E0B-481D-ABF8-0A5D82FFC48E}.Release|iPhoneSimulator.ActiveCfg = Release|x86
		{8BF49F26-9E0B-481D-ABF8-0A5D82FFC48E}.Release|iPhoneSimulator.Build.0 = Release|x86
		{8BF49F26-9E0B-481D-ABF8-0A5D82FFC48E}.Release|iPhoneSimulator.Deploy.0 = Release|x86
		{8BF49F26-9E0B-481D-ABF8-0A5D82FFC48E}.Release|x64.ActiveCfg = Release|x64
		{8BF49F26-9E0B-481D-ABF8-0A5D82FFC48E}.Release|x64.Build.0 = Release|x64
		{8BF49F26-9E0B-481D-ABF8-0A5D82FFC48E}.Release|x64.Deploy.0 = Release|x64
		{8BF49F26-9E0B-481D-ABF8-0A5D82FFC48E}.Release|x86.ActiveCfg = Release|x86
		{8BF49F26-9E0B-481D-ABF8-0A5D82FFC48E}.Release|x86.Build.0 = Release|x86
		{8BF49F26-9E0B-481D-ABF8-0A5D82FFC48E}.Release|x86.Deploy.0 = Release|x86
		{A3B4994E-6DE0-49AD-AD91-FD7EAFB68E51}.Debug|Any CPU.ActiveCfg = Debug|Any CPU
		{A3B4994E-6DE0-49AD-AD91-FD7EAFB68E51}.Debug|Any CPU.Build.0 = Debug|Any CPU
		{A3B4994E-6DE0-49AD-AD91-FD7EAFB68E51}.Debug|Any CPU.Deploy.0 = Debug|Any CPU
		{A3B4994E-6DE0-49AD-AD91-FD7EAFB68E51}.Debug|ARM.ActiveCfg = Debug|Any CPU
		{A3B4994E-6DE0-49AD-AD91-FD7EAFB68E51}.Debug|ARM.Build.0 = Debug|Any CPU
		{A3B4994E-6DE0-49AD-AD91-FD7EAFB68E51}.Debug|ARM.Deploy.0 = Debug|Any CPU
		{A3B4994E-6DE0-49AD-AD91-FD7EAFB68E51}.Debug|iPhone.ActiveCfg = Debug|Any CPU
		{A3B4994E-6DE0-49AD-AD91-FD7EAFB68E51}.Debug|iPhone.Build.0 = Debug|Any CPU
		{A3B4994E-6DE0-49AD-AD91-FD7EAFB68E51}.Debug|iPhone.Deploy.0 = Debug|Any CPU
		{A3B4994E-6DE0-49AD-AD91-FD7EAFB68E51}.Debug|iPhoneSimulator.ActiveCfg = Debug|Any CPU
		{A3B4994E-6DE0-49AD-AD91-FD7EAFB68E51}.Debug|iPhoneSimulator.Build.0 = Debug|Any CPU
		{A3B4994E-6DE0-49AD-AD91-FD7EAFB68E51}.Debug|iPhoneSimulator.Deploy.0 = Debug|Any CPU
		{A3B4994E-6DE0-49AD-AD91-FD7EAFB68E51}.Debug|x64.ActiveCfg = Debug|Any CPU
		{A3B4994E-6DE0-49AD-AD91-FD7EAFB68E51}.Debug|x64.Build.0 = Debug|Any CPU
		{A3B4994E-6DE0-49AD-AD91-FD7EAFB68E51}.Debug|x64.Deploy.0 = Debug|Any CPU
		{A3B4994E-6DE0-49AD-AD91-FD7EAFB68E51}.Debug|x86.ActiveCfg = Debug|Any CPU
		{A3B4994E-6DE0-49AD-AD91-FD7EAFB68E51}.Debug|x86.Build.0 = Debug|Any CPU
		{A3B4994E-6DE0-49AD-AD91-FD7EAFB68E51}.Debug|x86.Deploy.0 = Debug|Any CPU
		{A3B4994E-6DE0-49AD-AD91-FD7EAFB68E51}.Release|Any CPU.ActiveCfg = Release|Any CPU
		{A3B4994E-6DE0-49AD-AD91-FD7EAFB68E51}.Release|Any CPU.Build.0 = Release|Any CPU
		{A3B4994E-6DE0-49AD-AD91-FD7EAFB68E51}.Release|Any CPU.Deploy.0 = Release|Any CPU
		{A3B4994E-6DE0-49AD-AD91-FD7EAFB68E51}.Release|ARM.ActiveCfg = Release|Any CPU
		{A3B4994E-6DE0-49AD-AD91-FD7EAFB68E51}.Release|ARM.Build.0 = Release|Any CPU
		{A3B4994E-6DE0-49AD-AD91-FD7EAFB68E51}.Release|ARM.Deploy.0 = Release|Any CPU
		{A3B4994E-6DE0-49AD-AD91-FD7EAFB68E51}.Release|iPhone.ActiveCfg = Release|Any CPU
		{A3B4994E-6DE0-49AD-AD91-FD7EAFB68E51}.Release|iPhone.Build.0 = Release|Any CPU
		{A3B4994E-6DE0-49AD-AD91-FD7EAFB68E51}.Release|iPhone.Deploy.0 = Release|Any CPU
		{A3B4994E-6DE0-49AD-AD91-FD7EAFB68E51}.Release|iPhoneSimulator.ActiveCfg = Release|Any CPU
		{A3B4994E-6DE0-49AD-AD91-FD7EAFB68E51}.Release|iPhoneSimulator.Build.0 = Release|Any CPU
		{A3B4994E-6DE0-49AD-AD91-FD7EAFB68E51}.Release|iPhoneSimulator.Deploy.0 = Release|Any CPU
		{A3B4994E-6DE0-49AD-AD91-FD7EAFB68E51}.Release|x64.ActiveCfg = Release|Any CPU
		{A3B4994E-6DE0-49AD-AD91-FD7EAFB68E51}.Release|x64.Build.0 = Release|Any CPU
		{A3B4994E-6DE0-49AD-AD91-FD7EAFB68E51}.Release|x64.Deploy.0 = Release|Any CPU
		{A3B4994E-6DE0-49AD-AD91-FD7EAFB68E51}.Release|x86.ActiveCfg = Release|Any CPU
		{A3B4994E-6DE0-49AD-AD91-FD7EAFB68E51}.Release|x86.Build.0 = Release|Any CPU
		{A3B4994E-6DE0-49AD-AD91-FD7EAFB68E51}.Release|x86.Deploy.0 = Release|Any CPU
		{E22D94A6-DEC2-469B-8CA0-A6B1560777FD}.Debug|Any CPU.ActiveCfg = Debug|iPhoneSimulator
		{E22D94A6-DEC2-469B-8CA0-A6B1560777FD}.Debug|Any CPU.Build.0 = Debug|iPhoneSimulator
		{E22D94A6-DEC2-469B-8CA0-A6B1560777FD}.Debug|Any CPU.Deploy.0 = Debug|iPhoneSimulator
		{E22D94A6-DEC2-469B-8CA0-A6B1560777FD}.Debug|ARM.ActiveCfg = Debug|iPhone
		{E22D94A6-DEC2-469B-8CA0-A6B1560777FD}.Debug|ARM.Build.0 = Debug|iPhone
		{E22D94A6-DEC2-469B-8CA0-A6B1560777FD}.Debug|ARM.Deploy.0 = Debug|iPhone
		{E22D94A6-DEC2-469B-8CA0-A6B1560777FD}.Debug|iPhone.ActiveCfg = Debug|iPhone
		{E22D94A6-DEC2-469B-8CA0-A6B1560777FD}.Debug|iPhone.Build.0 = Debug|iPhone
		{E22D94A6-DEC2-469B-8CA0-A6B1560777FD}.Debug|iPhone.Deploy.0 = Debug|iPhone
		{E22D94A6-DEC2-469B-8CA0-A6B1560777FD}.Debug|iPhoneSimulator.ActiveCfg = Debug|iPhoneSimulator
		{E22D94A6-DEC2-469B-8CA0-A6B1560777FD}.Debug|iPhoneSimulator.Build.0 = Debug|iPhoneSimulator
		{E22D94A6-DEC2-469B-8CA0-A6B1560777FD}.Debug|iPhoneSimulator.Deploy.0 = Debug|iPhoneSimulator
		{E22D94A6-DEC2-469B-8CA0-A6B1560777FD}.Debug|x64.ActiveCfg = Debug|iPhoneSimulator
		{E22D94A6-DEC2-469B-8CA0-A6B1560777FD}.Debug|x64.Build.0 = Debug|iPhoneSimulator
		{E22D94A6-DEC2-469B-8CA0-A6B1560777FD}.Debug|x64.Deploy.0 = Debug|iPhoneSimulator
		{E22D94A6-DEC2-469B-8CA0-A6B1560777FD}.Debug|x86.ActiveCfg = Debug|iPhoneSimulator
		{E22D94A6-DEC2-469B-8CA0-A6B1560777FD}.Debug|x86.Build.0 = Debug|iPhoneSimulator
		{E22D94A6-DEC2-469B-8CA0-A6B1560777FD}.Debug|x86.Deploy.0 = Debug|iPhoneSimulator
		{E22D94A6-DEC2-469B-8CA0-A6B1560777FD}.Release|Any CPU.ActiveCfg = Release|iPhoneSimulator
		{E22D94A6-DEC2-469B-8CA0-A6B1560777FD}.Release|Any CPU.Build.0 = Release|iPhoneSimulator
		{E22D94A6-DEC2-469B-8CA0-A6B1560777FD}.Release|Any CPU.Deploy.0 = Release|iPhoneSimulator
		{E22D94A6-DEC2-469B-8CA0-A6B1560777FD}.Release|ARM.ActiveCfg = Release|iPhoneSimulator
		{E22D94A6-DEC2-469B-8CA0-A6B1560777FD}.Release|ARM.Build.0 = Release|iPhoneSimulator
		{E22D94A6-DEC2-469B-8CA0-A6B1560777FD}.Release|ARM.Deploy.0 = Release|iPhoneSimulator
		{E22D94A6-DEC2-469B-8CA0-A6B1560777FD}.Release|iPhone.ActiveCfg = Release|iPhone
		{E22D94A6-DEC2-469B-8CA0-A6B1560777FD}.Release|iPhone.Build.0 = Release|iPhone
		{E22D94A6-DEC2-469B-8CA0-A6B1560777FD}.Release|iPhone.Deploy.0 = Release|iPhone
		{E22D94A6-DEC2-469B-8CA0-A6B1560777FD}.Release|iPhoneSimulator.ActiveCfg = Release|iPhoneSimulator
		{E22D94A6-DEC2-469B-8CA0-A6B1560777FD}.Release|iPhoneSimulator.Build.0 = Release|iPhoneSimulator
		{E22D94A6-DEC2-469B-8CA0-A6B1560777FD}.Release|iPhoneSimulator.Deploy.0 = Release|iPhoneSimulator
		{E22D94A6-DEC2-469B-8CA0-A6B1560777FD}.Release|x64.ActiveCfg = Release|iPhoneSimulator
		{E22D94A6-DEC2-469B-8CA0-A6B1560777FD}.Release|x64.Build.0 = Release|iPhoneSimulator
		{E22D94A6-DEC2-469B-8CA0-A6B1560777FD}.Release|x64.Deploy.0 = Release|iPhoneSimulator
		{E22D94A6-DEC2-469B-8CA0-A6B1560777FD}.Release|x86.ActiveCfg = Release|iPhoneSimulator
		{E22D94A6-DEC2-469B-8CA0-A6B1560777FD}.Release|x86.Build.0 = Release|iPhoneSimulator
		{E22D94A6-DEC2-469B-8CA0-A6B1560777FD}.Release|x86.Deploy.0 = Release|iPhoneSimulator
		{EC4F9175-76A5-461A-AA4B-D8F77447B60A}.Debug|Any CPU.ActiveCfg = Debug|Any CPU
		{EC4F9175-76A5-461A-AA4B-D8F77447B60A}.Debug|Any CPU.Build.0 = Debug|Any CPU
		{EC4F9175-76A5-461A-AA4B-D8F77447B60A}.Debug|Any CPU.Deploy.0 = Debug|Any CPU
		{EC4F9175-76A5-461A-AA4B-D8F77447B60A}.Debug|ARM.ActiveCfg = Debug|Any CPU
		{EC4F9175-76A5-461A-AA4B-D8F77447B60A}.Debug|ARM.Build.0 = Debug|Any CPU
		{EC4F9175-76A5-461A-AA4B-D8F77447B60A}.Debug|ARM.Deploy.0 = Debug|Any CPU
		{EC4F9175-76A5-461A-AA4B-D8F77447B60A}.Debug|iPhone.ActiveCfg = Debug|Any CPU
		{EC4F9175-76A5-461A-AA4B-D8F77447B60A}.Debug|iPhone.Build.0 = Debug|Any CPU
		{EC4F9175-76A5-461A-AA4B-D8F77447B60A}.Debug|iPhone.Deploy.0 = Debug|Any CPU
		{EC4F9175-76A5-461A-AA4B-D8F77447B60A}.Debug|iPhoneSimulator.ActiveCfg = Debug|Any CPU
		{EC4F9175-76A5-461A-AA4B-D8F77447B60A}.Debug|iPhoneSimulator.Build.0 = Debug|Any CPU
		{EC4F9175-76A5-461A-AA4B-D8F77447B60A}.Debug|iPhoneSimulator.Deploy.0 = Debug|Any CPU
		{EC4F9175-76A5-461A-AA4B-D8F77447B60A}.Debug|x64.ActiveCfg = Debug|Any CPU
		{EC4F9175-76A5-461A-AA4B-D8F77447B60A}.Debug|x64.Build.0 = Debug|Any CPU
		{EC4F9175-76A5-461A-AA4B-D8F77447B60A}.Debug|x64.Deploy.0 = Debug|Any CPU
		{EC4F9175-76A5-461A-AA4B-D8F77447B60A}.Debug|x86.ActiveCfg = Debug|Any CPU
		{EC4F9175-76A5-461A-AA4B-D8F77447B60A}.Debug|x86.Build.0 = Debug|Any CPU
		{EC4F9175-76A5-461A-AA4B-D8F77447B60A}.Debug|x86.Deploy.0 = Debug|Any CPU
		{EC4F9175-76A5-461A-AA4B-D8F77447B60A}.Release|Any CPU.ActiveCfg = Release|Any CPU
		{EC4F9175-76A5-461A-AA4B-D8F77447B60A}.Release|Any CPU.Build.0 = Release|Any CPU
		{EC4F9175-76A5-461A-AA4B-D8F77447B60A}.Release|Any CPU.Deploy.0 = Release|Any CPU
		{EC4F9175-76A5-461A-AA4B-D8F77447B60A}.Release|ARM.ActiveCfg = Release|Any CPU
		{EC4F9175-76A5-461A-AA4B-D8F77447B60A}.Release|ARM.Build.0 = Release|Any CPU
		{EC4F9175-76A5-461A-AA4B-D8F77447B60A}.Release|ARM.Deploy.0 = Release|Any CPU
		{EC4F9175-76A5-461A-AA4B-D8F77447B60A}.Release|iPhone.ActiveCfg = Release|Any CPU
		{EC4F9175-76A5-461A-AA4B-D8F77447B60A}.Release|iPhone.Build.0 = Release|Any CPU
		{EC4F9175-76A5-461A-AA4B-D8F77447B60A}.Release|iPhone.Deploy.0 = Release|Any CPU
		{EC4F9175-76A5-461A-AA4B-D8F77447B60A}.Release|iPhoneSimulator.ActiveCfg = Release|Any CPU
		{EC4F9175-76A5-461A-AA4B-D8F77447B60A}.Release|iPhoneSimulator.Build.0 = Release|Any CPU
		{EC4F9175-76A5-461A-AA4B-D8F77447B60A}.Release|iPhoneSimulator.Deploy.0 = Release|Any CPU
		{EC4F9175-76A5-461A-AA4B-D8F77447B60A}.Release|x64.ActiveCfg = Release|Any CPU
		{EC4F9175-76A5-461A-AA4B-D8F77447B60A}.Release|x64.Build.0 = Release|Any CPU
		{EC4F9175-76A5-461A-AA4B-D8F77447B60A}.Release|x64.Deploy.0 = Release|Any CPU
		{EC4F9175-76A5-461A-AA4B-D8F77447B60A}.Release|x86.ActiveCfg = Release|Any CPU
		{EC4F9175-76A5-461A-AA4B-D8F77447B60A}.Release|x86.Build.0 = Release|Any CPU
		{EC4F9175-76A5-461A-AA4B-D8F77447B60A}.Release|x86.Deploy.0 = Release|Any CPU
	EndGlobalSection
	GlobalSection(SolutionProperties) = preSolution
		HideSolutionNode = FALSE
	EndGlobalSection
	GlobalSection(ExtensibilityGlobals) = postSolution
		SolutionGuid = {D10BDF21-80DD-45CD-881F-89758D68C031}
	EndGlobalSection
EndGlobal
